# @generated - this file is auto-generated by `mise lock` https://mise.jdx.dev/dev-tools/mise-lock.html

lockfile_version = 1

[[tools.actionlint]]
version = "1.7.12"
backend = "aqua:rhysd/actionlint"
specifiers = ["latest"]

[tools.actionlint."platforms.linux-arm64"]
checksum = "sha256:325e971b6ba9bfa504672e29be93c24981eeb1c07576d730e9f7c8805afff0c6"
url = "https://github.com/rhysd/actionlint/releases/download/v1.7.12/actionlint_1.7.12_linux_arm64.tar.gz"
url_api = "https://api.github.com/repos/rhysd/actionlint/releases/assets/384924897"
provenance = "github-attestations"

[tools.actionlint."platforms.linux-x64"]
checksum = "sha256:8aca8db96f1b94770f1b0d72b6dddcb1ebb8123cb3712530b08cc387b349a3d8"
url = "https://github.com/rhysd/actionlint/releases/download/v1.7.12/actionlint_1.7.12_linux_amd64.tar.gz"
url_api = "https://api.github.com/repos/rhysd/actionlint/releases/assets/384924896"
provenance = "github-attestations"

[tools.actionlint."platforms.macos-arm64"]
checksum = "sha256:aba9ced2dee8d27fecca3dc7feb1a7f9a52caefa1eb46f3271ea66b6e0e6953f"
url = "https://github.com/rhysd/actionlint/releases/download/v1.7.12/actionlint_1.7.12_darwin_arm64.tar.gz"
url_api = "https://api.github.com/repos/rhysd/actionlint/releases/assets/384924893"
provenance = "github-attestations"

[[tools."aqua:gastownhall/beads"]]
version = "1.2.2"
backend = "aqua:gastownhall/beads"
specifiers = ["1.2.2"]

[tools."aqua:gastownhall/beads"."platforms.linux-arm64"]
checksum = "sha256:501f38a1070d4b9b3b6261a86a3c92c4a52366869021560430a4bb0036afd83a"
url = "https://github.com/gastownhall/beads/releases/download/v1.2.2/beads_1.2.2_linux_arm64.tar.gz"
url_api = "https://api.github.com/repos/gastownhall/beads/releases/assets/515294077"
provenance = "github-attestations"

[tools."aqua:gastownhall/beads"."platforms.linux-x64"]
checksum = "sha256:8140098a51d3b81d5548d1c5e6db1a2d9930e5d141efe2a4bff7d079c4d321e8"
url = "https://github.com/gastownhall/beads/releases/download/v1.2.2/beads_1.2.2_linux_amd64.tar.gz"
url_api = "https://api.github.com/repos/gastownhall/beads/releases/assets/515294021"
provenance = "github-attestations"

[tools."aqua:gastownhall/beads"."platforms.macos-arm64"]
checksum = "sha256:2aa1245c666419900d2d6993a05049e92c40e0e601d19579cca5b07a7bb8021d"
url = "https://github.com/gastownhall/beads/releases/download/v1.2.2/beads_1.2.2_darwin_arm64.tar.gz"
url_api = "https://api.github.com/repos/gastownhall/beads/releases/assets/515302581"
provenance = "github-attestations"

[[tools."aqua:owenlamont/ryl"]]
version = "0.22.0"
backend = "aqua:owenlamont/ryl"
specifiers = ["latest"]

[tools."aqua:owenlamont/ryl"."platforms.linux-arm64"]
checksum = "sha256:1045ea5807ae274c0812f63f73469018b58f822c8987e22b71f9995be971a6dd"
url = "https://github.com/owenlamont/ryl/releases/download/v0.22.0/ryl-aarch64-unknown-linux-gnu.tar.gz"
url_api = "https://api.github.com/repos/owenlamont/ryl/releases/assets/547221094"
provenance = "github-attestations"

[tools."aqua:owenlamont/ryl"."platforms.linux-x64"]
checksum = "sha256:e51be237168ff44c8e28caca87db35c15ac5c943bba5edba0e72465b51add524"
url = "https://github.com/owenlamont/ryl/releases/download/v0.22.0/ryl-x86_64-unknown-linux-gnu.tar.gz"
url_api = "https://api.github.com/repos/owenlamont/ryl/releases/assets/547221116"
provenance = "github-attestations"

[tools."aqua:owenlamont/ryl"."platforms.macos-arm64"]
checksum = "sha256:512051556cc92b3bfcb21c434072dcb3de7088af4982439ff0cce7888819f501"
url = "https://github.com/owenlamont/ryl/releases/download/v0.22.0/ryl-aarch64-apple-darwin.tar.gz"
url_api = "https://api.github.com/repos/owenlamont/ryl/releases/assets/547221097"
provenance = "github-attestations"

[[tools."aqua:rust-lang/mdBook"]]
version = "0.5.4"
backend = "aqua:rust-lang/mdBook"
specifiers = ["0.5.4"]

[tools."aqua:rust-lang/mdBook"."platforms.linux-x64"]
checksum = "sha256:3f28de05dafca9d0f2eab99c662116b0e37b89b1d96a08f8f430b9eeae958cd7"
url = "https://github.com/rust-lang/mdBook/releases/download/v0.5.4/mdbook-v0.5.4-x86_64-unknown-linux-gnu.tar.gz"
url_api = "https://api.github.com/repos/rust-lang/mdBook/releases/assets/468209394"

[tools."aqua:rust-lang/mdBook"."platforms.macos-arm64"]
checksum = "sha256:a47d7bf0d5d670cff9ee6cce95537cbeb62dc10704d9e7131ffbd13e2b59a5de"
url = "https://github.com/rust-lang/mdBook/releases/download/v0.5.4/mdbook-v0.5.4-x86_64-apple-darwin.tar.gz"
url_api = "https://api.github.com/repos/rust-lang/mdBook/releases/assets/468210169"

[[tools.hk]]
version = "1.58.1"
backend = "aqua:jdx/hk"
specifiers = ["latest"]

[tools.hk."platforms.linux-arm64"]
checksum = "sha256:0972e05774ea3651fd521676c1bc6411333fe4404beb4a48067e10b54dfd1b4d"
url = "https://github.com/jdx/hk/releases/download/v1.58.1/hk-aarch64-unknown-linux-gnu.tar.gz"
url_api = "https://api.github.com/repos/jdx/hk/releases/assets/546232324"

[tools.hk."platforms.linux-x64"]
checksum = "sha256:8139133a70ed7cf1d4a0f2f19c26b1b68d714d81af91b2b1f42c4c524afc0fe5"
url = "https://github.com/jdx/hk/releases/download/v1.58.1/hk-x86_64-unknown-linux-gnu.tar.gz"
url_api = "https://api.github.com/repos/jdx/hk/releases/assets/546232333"

[tools.hk."platforms.macos-arm64"]
checksum = "sha256:5529d95c63ea3ba9318f551e19760998a9ddf7ed926a14daf39dc46717ab32bf"
url = "https://github.com/jdx/hk/releases/download/v1.58.1/hk-aarch64-apple-darwin.tar.gz"
url_api = "https://api.github.com/repos/jdx/hk/releases/assets/546232326"

[[tools.jq]]
version = "1.8.2"
backend = "aqua:jqlang/jq"
specifiers = ["latest"]

[tools.jq."platforms.linux-arm64"]
checksum = "sha256:8b85c817833814ddca00a144c33705546355afccf0cf39b188f3cdb48b852309"
url = "https://github.com/jqlang/jq/releases/download/jq-1.8.2/jq-linux-arm64"
url_api = "https://api.github.com/repos/jqlang/jq/releases/assets/453012756"
provenance = "github-attestations"

[tools.jq."platforms.linux-x64"]
checksum = "sha256:b1c22172dd303f3be49e935aa56aa48a8b7a46e0bc838b4997d3bb451495870f"
url = "https://github.com/jqlang/jq/releases/download/jq-1.8.2/jq-linux-amd64"
url_api = "https://api.github.com/repos/jqlang/jq/releases/assets/453012752"
provenance = "github-attestations"

[tools.jq."platforms.macos-arm64"]
checksum = "sha256:2d75340ba57a4b4b4c8708a21c2dc8e958a48aaa8bba13b27f77f6e4c0eca07e"
url = "https://github.com/jqlang/jq/releases/download/jq-1.8.2/jq-macos-arm64"
url_api = "https://api.github.com/repos/jqlang/jq/releases/assets/453012783"
provenance = "github-attestations"

[[tools.pkl]]
version = "0.32.1"
backend = "aqua:apple/pkl"
specifiers = ["latest"]

[tools.pkl."platforms.linux-arm64"]
checksum = "sha256:a76d2dd47da435a8f911b0347373f47c7e59ea54fb75ff846d20b8df10dba058"
url = "https://github.com/apple/pkl/releases/download/0.32.1/pkl-linux-aarch64"
url_api = "https://api.github.com/repos/apple/pkl/releases/assets/487426568"

[tools.pkl."platforms.linux-x64"]
checksum = "sha256:3180b62da95c0cad1d904e9bb6c5f4a8f9032413c21e53194bb91ff1ee5f3211"
url = "https://github.com/apple/pkl/releases/download/0.32.1/pkl-linux-amd64"
url_api = "https://api.github.com/repos/apple/pkl/releases/assets/487426567"

[tools.pkl."platforms.macos-arm64"]
checksum = "sha256:563eb51c9a20b16a3625464ed745c675ed9750381f2126722696a0d7cac1d9d3"
url = "https://github.com/apple/pkl/releases/download/0.32.1/pkl-macos-aarch64"
url_api = "https://api.github.com/repos/apple/pkl/releases/assets/487426570"

[[tools.python]]
version = "3.14.7"
backend = "core:python"
specifiers = ["3.14.7"]

[tools.python."platforms.linux-arm64"]
checksum = "sha256:7f0b801b0ba2c74531cd2e66ee898569cdf1f323a24383576f2a6761001e01f1"
url = "https://github.com/astral-sh/python-build-standalone/releases/download/20260825/cpython-3.14.7+20260825-aarch64-unknown-linux-gnu-install_only_stripped.tar.gz"
provenance = "github-attestations"

[tools.python."platforms.linux-x64"]
checksum = "sha256:a0f39e822fd3b96a2605f30f954acf9a2cdf91faa1385a13e24bc407a41e05ea"
url = "https://github.com/astral-sh/python-build-standalone/releases/download/20260825/cpython-3.14.7+20260825-x86_64-unknown-linux-gnu-install_only_stripped.tar.gz"
provenance = "github-attestations"

[tools.python."platforms.macos-arm64"]
checksum = "sha256:17ecb3d29c49765856370cbb47d948a24ec518be40f607362c1bbb3ebbc5c442"
url = "https://github.com/astral-sh/python-build-standalone/releases/download/20260825/cpython-3.14.7+20260825-aarch64-apple-darwin-install_only_stripped.tar.gz"
provenance = "github-attestations"

[[tools.ruff]]
version = "0.16.6"
backend = "aqua:astral-sh/ruff"
specifiers = ["latest"]

[tools.ruff."platforms.linux-arm64"]
checksum = "sha256:3c1b99f65b8bf2df64ff099ee072e11b4652813e2c164ec875a26fc9e99be88f"
url = "https://github.com/astral-sh/ruff/releases/download/0.16.6/ruff-aarch64-unknown-linux-gnu.tar.gz"
url_api = "https://api.github.com/repos/astral-sh/ruff/releases/assets/543094369"
provenance = "github-attestations"

[tools.ruff."platforms.linux-x64"]
checksum = "sha256:0696335ef16615d8c7445ad438750eb0f55b3da6f153df21265a7c6d5750254f"
url = "https://github.com/astral-sh/ruff/releases/download/0.16.6/ruff-x86_64-unknown-linux-gnu.tar.gz"
url_api = "https://api.github.com/repos/astral-sh/ruff/releases/assets/543094461"
provenance = "github-attestations"

[tools.ruff."platforms.macos-arm64"]
checksum = "sha256:77513748c833b435b82453ba20e07db808ef6c5121945ede80a6cf21bee468a4"
url = "https://github.com/astral-sh/ruff/releases/download/0.16.6/ruff-aarch64-apple-darwin.tar.gz"
url_api = "https://api.github.com/repos/astral-sh/ruff/releases/assets/543094359"
provenance = "github-attestations"

[[tools.rumdl]]
version = "0.2.66"
backend = "aqua:rvben/rumdl"
specifiers = ["latest"]

[tools.rumdl."platforms.linux-arm64"]
checksum = "sha256:0bc38ad9c47816ba73bffded68bd2f6905a9342f4e1dee292a9c38d26c2e7e99"
url = "https://github.com/rvben/rumdl/releases/download/v0.2.66/rumdl-v0.2.66-aarch64-unknown-linux-gnu.tar.gz"
url_api = "https://api.github.com/repos/rvben/rumdl/releases/assets/545898810"
provenance = "github-attestations"

[tools.rumdl."platforms.linux-x64"]
checksum = "sha256:2ca8703a66b17a73f6f85435d06f8d62484c1361d6b015f82bc46f9f642959a4"
url = "https://github.com/rvben/rumdl/releases/download/v0.2.66/rumdl-v0.2.66-x86_64-unknown-linux-gnu.tar.gz"
url_api = "https://api.github.com/repos/rvben/rumdl/releases/assets/545898809"
provenance = "github-attestations"

[tools.rumdl."platforms.macos-arm64"]
checksum = "sha256:66699622d65067a1714b992e57a792759f6c641a10551a6be90ea539424f7912"
url = "https://github.com/rvben/rumdl/releases/download/v0.2.66/rumdl-v0.2.66-aarch64-apple-darwin.tar.gz"
url_api = "https://api.github.com/repos/rvben/rumdl/releases/assets/545898822"
provenance = "github-attestations"

[[tools.shellcheck]]
version = "0.11.0"
backend = "aqua:koalaman/shellcheck"
specifiers = ["latest"]

[tools.shellcheck."platforms.linux-arm64"]
checksum = "sha256:12b331c1d2db6b9eb13cfca64306b1b157a86eb69db83023e261eaa7e7c14588"
url = "https://github.com/koalaman/shellcheck/releases/download/v0.11.0/shellcheck-v0.11.0.linux.aarch64.tar.xz"
url_api = "https://api.github.com/repos/koalaman/shellcheck/releases/assets/279056934"

[tools.shellcheck."platforms.linux-x64"]
checksum = "sha256:8c3be12b05d5c177a04c29e3c78ce89ac86f1595681cab149b65b97c4e227198"
url = "https://github.com/koalaman/shellcheck/releases/download/v0.11.0/shellcheck-v0.11.0.linux.x86_64.tar.xz"
url_api = "https://api.github.com/repos/koalaman/shellcheck/releases/assets/279056942"

[tools.shellcheck."platforms.macos-arm64"]
checksum = "sha256:56affdd8de5527894dca6dc3d7e0a99a873b0f004d7aabc30ae407d3f48b0a79"
url = "https://github.com/koalaman/shellcheck/releases/download/v0.11.0/shellcheck-v0.11.0.darwin.aarch64.tar.xz"
url_api = "https://api.github.com/repos/koalaman/shellcheck/releases/assets/279056932"

[[tools.tombi]]
version = "1.5.2"
backend = "aqua:tombi-toml/tombi"
specifiers = ["latest"]

[tools.tombi."platforms.linux-arm64"]
checksum = "sha256:ee653d9b5a8421d68a3abd8abc9c1a633e6a21adcc13dfa59992c8e4baa56353"
url = "https://github.com/tombi-toml/tombi/releases/download/v1.5.2/tombi-cli-1.5.2-aarch64-unknown-linux-musl.tar.gz"
url_api = "https://api.github.com/repos/tombi-toml/tombi/releases/assets/545681156"
provenance = "github-attestations"

[tools.tombi."platforms.linux-x64"]
checksum = "sha256:871aa9cd9e9f54da46f8b4e7318c5b9777ad18f46745071f1c693d352c487c9d"
url = "https://github.com/tombi-toml/tombi/releases/download/v1.5.2/tombi-cli-1.5.2-x86_64-unknown-linux-musl.tar.gz"
url_api = "https://api.github.com/repos/tombi-toml/tombi/releases/assets/545681167"
provenance = "github-attestations"

[tools.tombi."platforms.macos-arm64"]
checksum = "sha256:ad84d0b2185fbab7a8f3629e826b04958e86f3cfe65a1348753b02b3b1bcd3af"
url = "https://github.com/tombi-toml/tombi/releases/download/v1.5.2/tombi-cli-1.5.2-aarch64-apple-darwin.tar.gz"
url_api = "https://api.github.com/repos/tombi-toml/tombi/releases/assets/545681154"
provenance = "github-attestations"

[[tools.ty]]
version = "0.0.78"
backend = "aqua:astral-sh/ty"
specifiers = ["latest"]

[tools.ty."platforms.linux-arm64"]
checksum = "sha256:2a5fa629cecb5bf954146cc175b450bb32c21d5406ac34b9724704f317232f46"
url = "https://github.com/astral-sh/ty/releases/download/0.0.78/ty-aarch64-unknown-linux-gnu.tar.gz"
url_api = "https://api.github.com/repos/astral-sh/ty/releases/assets/541850866"
provenance = "github-attestations"

[tools.ty."platforms.linux-x64"]
checksum = "sha256:9ef9caa6c317718dff4156e8b27194c6052bfb9469d52809ae8189ad04c75f95"
url = "https://github.com/astral-sh/ty/releases/download/0.0.78/ty-x86_64-unknown-linux-gnu.tar.gz"
url_api = "https://api.github.com/repos/astral-sh/ty/releases/assets/541850926"
provenance = "github-attestations"

[tools.ty."platforms.macos-arm64"]
checksum = "sha256:793cb933deae417d6befd2c7f95454b62b428717766e03a14032504827ad398a"
url = "https://github.com/astral-sh/ty/releases/download/0.0.78/ty-aarch64-apple-darwin.tar.gz"
url_api = "https://api.github.com/repos/astral-sh/ty/releases/assets/541850846"
provenance = "github-attestations"

[[tools.uv]]
version = "0.12.10"
backend = "asdf:uv"
specifiers = ["latest"]

[[tools.yamlfmt]]
version = "0.21.0"
backend = "aqua:google/yamlfmt"
specifiers = ["latest"]

[tools.yamlfmt."platforms.linux-arm64"]
checksum = "sha256:5b2689c963b177271330c5ce8ca7396751107e5a826be46f03d2cb9b6f0c7784"
url = "https://github.com/google/yamlfmt/releases/download/v0.21.0/yamlfmt_0.21.0_Linux_arm64.tar.gz"
url_api = "https://api.github.com/repos/google/yamlfmt/releases/assets/336650208"

[tools.yamlfmt."platforms.linux-x64"]
checksum = "sha256:1f300d9257b232bb3b541d7fb1b0e6b3c121bcbab381c86cd38cb8722be8a566"
url = "https://github.com/google/yamlfmt/releases/download/v0.21.0/yamlfmt_0.21.0_Linux_x86_64.tar.gz"
url_api = "https://api.github.com/repos/google/yamlfmt/releases/assets/336650203"

[tools.yamlfmt."platforms.macos-arm64"]
checksum = "sha256:4b417ecb94339d57e4c122ecc948c1a00fe328b5853266de9806e652a92858fa"
url = "https://github.com/google/yamlfmt/releases/download/v0.21.0/yamlfmt_0.21.0_Darwin_arm64.tar.gz"
url_api = "https://api.github.com/repos/google/yamlfmt/releases/assets/336650209"
