# @generated - this file is auto-generated by `mise lock` https://mise.jdx.dev/dev-tools/mise-lock.html

[[tools.actionlint]]
version = "1.7.12"
backend = "aqua:rhysd/actionlint"

[tools.actionlint."platforms.linux-arm64"]
checksum = "sha256:325e971b6ba9bfa504672e29be93c24981eeb1c07576d730e9f7c8805afff0c6"
url = "https://github.com/rhysd/actionlint/releases/download/v1.7.12/actionlint_1.7.12_linux_arm64.tar.gz"
url_api = "https://api.github.com/repos/rhysd/actionlint/releases/assets/384924897"
provenance = "github-attestations"

[tools.actionlint."platforms.linux-x64"]
checksum = "sha256:8aca8db96f1b94770f1b0d72b6dddcb1ebb8123cb3712530b08cc387b349a3d8"
url = "https://github.com/rhysd/actionlint/releases/download/v1.7.12/actionlint_1.7.12_linux_amd64.tar.gz"
url_api = "https://api.github.com/repos/rhysd/actionlint/releases/assets/384924896"
provenance = "github-attestations"

[tools.actionlint."platforms.macos-arm64"]
checksum = "sha256:aba9ced2dee8d27fecca3dc7feb1a7f9a52caefa1eb46f3271ea66b6e0e6953f"
url = "https://github.com/rhysd/actionlint/releases/download/v1.7.12/actionlint_1.7.12_darwin_arm64.tar.gz"
url_api = "https://api.github.com/repos/rhysd/actionlint/releases/assets/384924893"
provenance = "github-attestations"

[tools.actionlint."platforms.macos-x64"]
checksum = "sha256:5b44c3bc2255115c9b69e30efc0fecdf498fdb63c5d58e17084fd5f16324c644"
url = "https://github.com/rhysd/actionlint/releases/download/v1.7.12/actionlint_1.7.12_darwin_amd64.tar.gz"
url_api = "https://api.github.com/repos/rhysd/actionlint/releases/assets/384924880"
provenance = "github-attestations"

[[tools.aube]]
version = "1.25.1"
backend = "aqua:jdx/aube"

[tools.aube."platforms.linux-arm64"]
checksum = "sha256:c7efb8a0ebd8d83ac8a1c96d388b582fd2f28bae80ed81b3786e2a63d871babe"
url = "https://github.com/jdx/aube/releases/download/v1.25.1/aube-v1.25.1-aarch64-unknown-linux-gnu.tar.gz"
url_api = "https://api.github.com/repos/jdx/aube/releases/assets/458188072"
provenance = "github-attestations"

[tools.aube."platforms.linux-x64"]
checksum = "sha256:a17b12e647cf2e60998c8f6eddfb1c0d0375196fcc7c2bf05d5fc5305744638f"
url = "https://github.com/jdx/aube/releases/download/v1.25.1/aube-v1.25.1-x86_64-unknown-linux-gnu.tar.gz"
url_api = "https://api.github.com/repos/jdx/aube/releases/assets/458172538"
provenance = "github-attestations"

[tools.aube."platforms.macos-arm64"]
checksum = "sha256:3d99c9c6d9d20f271312db39c46022898d765b6a407574f59d6accb0a430ee32"
url = "https://github.com/jdx/aube/releases/download/v1.25.1/aube-v1.25.1-aarch64-apple-darwin.tar.gz"
url_api = "https://api.github.com/repos/jdx/aube/releases/assets/458198306"
provenance = "github-attestations"

[[tools.betterleaks]]
version = "1.7.0"
backend = "aqua:betterleaks/betterleaks"

[tools.betterleaks."platforms.linux-arm64"]
checksum = "sha256:5a0eb63610f7928ce9c8dd204a66fe7cc2b3541c63b46176b2811aeff19006a2"
url = "https://github.com/betterleaks/betterleaks/releases/download/v1.7.0/betterleaks_1.7.0_linux_arm64.tar.gz"
url_api = "https://api.github.com/repos/betterleaks/betterleaks/releases/assets/487433607"
provenance = "cosign"

[tools.betterleaks."platforms.linux-x64"]
checksum = "sha256:75f07552508d80d59537ca27c2cd6113f51a2ad55bc88a548f7c1156e4bb934e"
url = "https://github.com/betterleaks/betterleaks/releases/download/v1.7.0/betterleaks_1.7.0_linux_x64.tar.gz"
url_api = "https://api.github.com/repos/betterleaks/betterleaks/releases/assets/487433648"
provenance = "cosign"

[tools.betterleaks."platforms.macos-arm64"]
checksum = "sha256:e1a839616d0a01afc44c7874cbacf3c6046439f5f21a504113577d88d60541a8"
url = "https://github.com/betterleaks/betterleaks/releases/download/v1.7.0/betterleaks_1.7.0_darwin_arm64.tar.gz"
url_api = "https://api.github.com/repos/betterleaks/betterleaks/releases/assets/487433610"
provenance = "cosign"

[tools.betterleaks."platforms.macos-x64"]
checksum = "sha256:87932769eff231034752ef84b75ee9e37d4e64dea79ec75cc494337cf7fbcc52"
url = "https://github.com/betterleaks/betterleaks/releases/download/v1.7.0/betterleaks_1.7.0_darwin_x64.tar.gz"
url_api = "https://api.github.com/repos/betterleaks/betterleaks/releases/assets/487433606"
provenance = "cosign"

[[tools.cocogitto]]
version = "7.0.0"
backend = "aqua:cocogitto/cocogitto"

[tools.cocogitto."platforms.linux-arm64"]
checksum = "sha256:379949f50c4f8245ef9532913e83f351c048b55e40ebd52ed8a850642c07a753"
url = "https://github.com/cocogitto/cocogitto/releases/download/7.0.0/cocogitto-7.0.0-aarch64-unknown-linux-gnu.tar.gz"
url_api = "https://api.github.com/repos/cocogitto/cocogitto/releases/assets/366659384"

[tools.cocogitto."platforms.linux-x64"]
checksum = "sha256:e03938ff2c4c86d71c00c0f3284dbbe95c5ca76fe34a51f33e945c23010d59bb"
url = "https://github.com/cocogitto/cocogitto/releases/download/7.0.0/cocogitto-7.0.0-x86_64-unknown-linux-musl.tar.gz"
url_api = "https://api.github.com/repos/cocogitto/cocogitto/releases/assets/366659350"

[tools.cocogitto."platforms.macos-arm64"]
checksum = "sha256:429303b6d68c6461aa221ab4de82b26d0bbcdee7127947ea9c7c411ab9bc574c"
url = "https://github.com/cocogitto/cocogitto/releases/download/7.0.0/cocogitto-7.0.0-aarch64-apple-darwin.tar.gz"
url_api = "https://api.github.com/repos/cocogitto/cocogitto/releases/assets/366659431"

[tools.cocogitto."platforms.macos-x64"]
checksum = "sha256:591dcd462e2e35ecc21caf41a15a65d464b7ce1ce8a5c299fa0d46a7798dddb0"
url = "https://github.com/cocogitto/cocogitto/releases/download/7.0.0/cocogitto-7.0.0-x86_64-apple-darwin.tar.gz"
url_api = "https://api.github.com/repos/cocogitto/cocogitto/releases/assets/366659418"

[[tools.editorconfig-checker]]
version = "3.8.0"
backend = "aqua:editorconfig-checker/editorconfig-checker"

[tools.editorconfig-checker."platforms.linux-arm64"]
checksum = "sha256:5676889ac4eed1036180ffbe2aeb2062d985ac50f7e6035fe61160c6b8be2c33"
url = "https://github.com/editorconfig-checker/editorconfig-checker/releases/download/v3.8.0/ec-linux-arm64.tar.gz"
url_api = "https://api.github.com/repos/editorconfig-checker/editorconfig-checker/releases/assets/460248498"

[tools.editorconfig-checker."platforms.linux-x64"]
checksum = "sha256:613bd88f34165a334adcb6b7e92a123c9de0eada65846d31af63613b779ff3be"
url = "https://github.com/editorconfig-checker/editorconfig-checker/releases/download/v3.8.0/ec-linux-amd64.tar.gz"
url_api = "https://api.github.com/repos/editorconfig-checker/editorconfig-checker/releases/assets/460248510"

[tools.editorconfig-checker."platforms.macos-arm64"]
checksum = "sha256:73bbb23c24b94c9e61d7ed3694cc313943c59e5e8bc5bee9f186a997a45eb046"
url = "https://github.com/editorconfig-checker/editorconfig-checker/releases/download/v3.8.0/ec-darwin-arm64.tar.gz"
url_api = "https://api.github.com/repos/editorconfig-checker/editorconfig-checker/releases/assets/460248516"

[tools.editorconfig-checker."platforms.macos-x64"]
checksum = "sha256:ee0d45c94b9808a5aa15e08f94333a81842b456f511f29f71a8fe589b82d72a1"
url = "https://github.com/editorconfig-checker/editorconfig-checker/releases/download/v3.8.0/ec-darwin-amd64.tar.gz"
url_api = "https://api.github.com/repos/editorconfig-checker/editorconfig-checker/releases/assets/460248506"

[[tools."github:anordal/shellharden"]]
version = "4.3.2"
backend = "github:anordal/shellharden"

[tools."github:anordal/shellharden"."platforms.linux-arm64"]
checksum = "sha256:ba7e480234c0acd0493b21446e19db430afc522c7f22553f3c11d839d997ec04"
url = "https://github.com/anordal/shellharden/releases/download/v4.3.2/shellharden-aarch64-unknown-linux-gnu.tar.gz"
url_api = "https://api.github.com/repos/anordal/shellharden/releases/assets/459691215"

[tools."github:anordal/shellharden"."platforms.linux-x64"]
checksum = "sha256:e81e97bc6bccff59b826d3b39328ab19b26721a236440f740ba71754531c7286"
url = "https://github.com/anordal/shellharden/releases/download/v4.3.2/shellharden-x86_64-unknown-linux-gnu.tar.gz"
url_api = "https://api.github.com/repos/anordal/shellharden/releases/assets/459690751"

[tools."github:anordal/shellharden"."platforms.macos-arm64"]
checksum = "sha256:4279643d791619f7ce4a3fbdedb0cefd51916cd5d64b2956cb1e69df744678ec"
url = "https://github.com/anordal/shellharden/releases/download/v4.3.2/shellharden-aarch64-apple-darwin.tar.gz"
url_api = "https://api.github.com/repos/anordal/shellharden/releases/assets/459690669"

[tools."github:anordal/shellharden"."platforms.macos-x64"]
checksum = "sha256:6996f9d05fcc4fccfba3aac068552d38b2b08c99e51e5e15c3f8beab207e4baf"
url = "https://github.com/anordal/shellharden/releases/download/v4.3.2/shellharden-x86_64-apple-darwin.tar.gz"
url_api = "https://api.github.com/repos/anordal/shellharden/releases/assets/459690672"

[[tools.harper-cli]]
version = "2.6.0"
backend = "aqua:Automattic/harper/harper-cli"

[tools.harper-cli."platforms.linux-arm64"]
checksum = "sha256:e95271b44eafd5883878f49f231bbc2a4639a7cc4c3f5554039942dbbb9ec71d"
url = "https://github.com/Automattic/harper/releases/download/v2.6.0/harper-cli-aarch64-unknown-linux-gnu.tar.gz"
url_api = "https://api.github.com/repos/Automattic/harper/releases/assets/456745232"

[tools.harper-cli."platforms.linux-x64"]
checksum = "sha256:4c7706869d57e05861b08f1e0750835d6ac3eb16b9c333538ba425d05757725f"
url = "https://github.com/Automattic/harper/releases/download/v2.6.0/harper-cli-x86_64-unknown-linux-gnu.tar.gz"
url_api = "https://api.github.com/repos/Automattic/harper/releases/assets/456744965"

[tools.harper-cli."platforms.macos-arm64"]
checksum = "sha256:4ff0a0aa1e845a7295d85ce70877cdd8bd9e917a7a0027b0ed57acd2bf13808f"
url = "https://github.com/Automattic/harper/releases/download/v2.6.0/harper-cli-aarch64-apple-darwin.tar.gz"
url_api = "https://api.github.com/repos/Automattic/harper/releases/assets/456745684"

[tools.harper-cli."platforms.macos-x64"]
checksum = "sha256:23d03f4482d11a72fa370b186322962e49093e88d7b13f3c9d43f5bb29ff9b43"
url = "https://github.com/Automattic/harper/releases/download/v2.6.0/harper-cli-x86_64-apple-darwin.tar.gz"
url_api = "https://api.github.com/repos/Automattic/harper/releases/assets/456744844"

[[tools.hk]]
version = "1.54.1"
backend = "aqua:jdx/hk"

[tools.hk."platforms.linux-arm64"]
checksum = "sha256:e00420ef742e2e222c2030253a8fa868033daf43fe670de17c2e6957dc577443"
url = "https://github.com/jdx/hk/releases/download/v1.54.1/hk-aarch64-unknown-linux-gnu.tar.gz"
url_api = "https://api.github.com/repos/jdx/hk/releases/assets/505018166"

[tools.hk."platforms.linux-x64"]
checksum = "sha256:20775cfb4e8065aa25e790d888856d4d62cc2e688725c010f8a5fc112aa759b5"
url = "https://github.com/jdx/hk/releases/download/v1.54.1/hk-x86_64-unknown-linux-gnu.tar.gz"
url_api = "https://api.github.com/repos/jdx/hk/releases/assets/505018180"

[tools.hk."platforms.macos-arm64"]
checksum = "sha256:8384262050e5f523c58af9e23cd92e2274e38cf95b4e72cf66f63545afa149b2"
url = "https://github.com/jdx/hk/releases/download/v1.54.1/hk-aarch64-apple-darwin.tar.gz"
url_api = "https://api.github.com/repos/jdx/hk/releases/assets/505018164"

[[tools.mdbook]]
version = "0.5.2"
backend = "aqua:rust-lang/mdBook"

[tools.mdbook."platforms.linux-x64"]
checksum = "sha256:8e9d802bbecea34380aabfc65bec4fdba23c07453ef2c7e06fa34c282082e2c4"
url = "https://github.com/rust-lang/mdBook/releases/download/v0.5.2/mdbook-v0.5.2-x86_64-unknown-linux-musl.tar.gz"
url_api = "https://api.github.com/repos/rust-lang/mdBook/releases/assets/327545066"

[tools.mdbook."platforms.macos-arm64"]
checksum = "sha256:17cc64478ec279a73881420e850bd8f9d460552e56b50159ff465bc97eb90d6c"
url = "https://github.com/rust-lang/mdBook/releases/download/v0.5.2/mdbook-v0.5.2-x86_64-apple-darwin.tar.gz"
url_api = "https://api.github.com/repos/rust-lang/mdBook/releases/assets/327545156"

[tools.mdbook."platforms.macos-x64"]
checksum = "sha256:17cc64478ec279a73881420e850bd8f9d460552e56b50159ff465bc97eb90d6c"
url = "https://github.com/rust-lang/mdBook/releases/download/v0.5.2/mdbook-v0.5.2-x86_64-apple-darwin.tar.gz"
url_api = "https://api.github.com/repos/rust-lang/mdBook/releases/assets/327545156"

[[tools."npm:@contextlint/cli"]]
version = "1.1.1"
backend = "npm:@contextlint/cli"

[tools."npm:@contextlint/cli".options]
aube_args = "--allow-low-downloads"

[[tools."npm:markdown-table-formatter"]]
version = "1.7.0"
backend = "npm:markdown-table-formatter"

[[tools."npm:markdownlint-cli"]]
version = "0.48.0"
backend = "npm:markdownlint-cli"

[[tools.pkl]]
version = "0.32.1"
backend = "aqua:apple/pkl"

[tools.pkl."platforms.linux-arm64"]
checksum = "sha256:a76d2dd47da435a8f911b0347373f47c7e59ea54fb75ff846d20b8df10dba058"
url = "https://github.com/apple/pkl/releases/download/0.32.1/pkl-linux-aarch64"
url_api = "https://api.github.com/repos/apple/pkl/releases/assets/487426568"

[tools.pkl."platforms.linux-x64"]
checksum = "sha256:3180b62da95c0cad1d904e9bb6c5f4a8f9032413c21e53194bb91ff1ee5f3211"
url = "https://github.com/apple/pkl/releases/download/0.32.1/pkl-linux-amd64"
url_api = "https://api.github.com/repos/apple/pkl/releases/assets/487426567"

[tools.pkl."platforms.macos-arm64"]
checksum = "sha256:563eb51c9a20b16a3625464ed745c675ed9750381f2126722696a0d7cac1d9d3"
url = "https://github.com/apple/pkl/releases/download/0.32.1/pkl-macos-aarch64"
url_api = "https://api.github.com/repos/apple/pkl/releases/assets/487426570"

[tools.pkl."platforms.macos-x64"]
checksum = "sha256:5b74b903234047960144f66f2cebdd12d267d9b98e8155ed91d2ae5ed27e2d1f"
url = "https://github.com/apple/pkl/releases/download/0.32.1/pkl-macos-amd64"
url_api = "https://api.github.com/repos/apple/pkl/releases/assets/487426599"

[[tools.ruff]]
version = "0.16.0"
backend = "aqua:astral-sh/ruff"

[tools.ruff."platforms.linux-arm64"]
checksum = "sha256:7a6add3d38768dfa00c6d3853e9bd940b5526f3fbb76f02b1fe77ec0653f1e0e"
url = "https://github.com/astral-sh/ruff/releases/download/0.16.0/ruff-aarch64-unknown-linux-musl.tar.gz"
url_api = "https://api.github.com/repos/astral-sh/ruff/releases/assets/487540070"
provenance = "github-attestations"

[tools.ruff."platforms.linux-x64"]
checksum = "sha256:2138b7bc58ff877f5bba09aea4cc984ad5699433b6a3f811003527b8cff8e9ad"
url = "https://github.com/astral-sh/ruff/releases/download/0.16.0/ruff-x86_64-unknown-linux-musl.tar.gz"
url_api = "https://api.github.com/repos/astral-sh/ruff/releases/assets/487540129"
provenance = "github-attestations"

[tools.ruff."platforms.macos-arm64"]
checksum = "sha256:ce6564491a2cc4b0659f45ee174dbef17e4dec24e03a9c03d313b5430bc21099"
url = "https://github.com/astral-sh/ruff/releases/download/0.16.0/ruff-aarch64-apple-darwin.tar.gz"
url_api = "https://api.github.com/repos/astral-sh/ruff/releases/assets/487540064"
provenance = "github-attestations"

[tools.ruff."platforms.macos-x64"]
checksum = "sha256:3d9ef6228c4eeb26d593c398b2dc5250e0f6d6425933db2993fcf30d49c78b69"
url = "https://github.com/astral-sh/ruff/releases/download/0.16.0/ruff-x86_64-apple-darwin.tar.gz"
url_api = "https://api.github.com/repos/astral-sh/ruff/releases/assets/487540116"
provenance = "github-attestations"

[[tools.rumdl]]
version = "0.2.43"
backend = "aqua:rvben/rumdl"

[tools.rumdl."platforms.linux-arm64"]
checksum = "sha256:d5388225fa5e87c558c8d9bdc78dba515ce5ac2cbf8213fcc56ecdeabe534776"
url = "https://github.com/rvben/rumdl/releases/download/v0.2.43/rumdl-v0.2.43-aarch64-unknown-linux-musl.tar.gz"
url_api = "https://api.github.com/repos/rvben/rumdl/releases/assets/488745474"
provenance = "github-attestations"

[tools.rumdl."platforms.linux-x64"]
checksum = "sha256:e74e580aaf32698f61081ef1f6b9748f5c3fc1df311c14ab47ad3548a6a62f81"
url = "https://github.com/rvben/rumdl/releases/download/v0.2.43/rumdl-v0.2.43-x86_64-unknown-linux-musl.tar.gz"
url_api = "https://api.github.com/repos/rvben/rumdl/releases/assets/488745475"
provenance = "github-attestations"

[tools.rumdl."platforms.macos-arm64"]
checksum = "sha256:43b19e0783b68135029b4f58dcb5bb7bf571f498107f6dae107e08bc6fe07214"
url = "https://github.com/rvben/rumdl/releases/download/v0.2.43/rumdl-v0.2.43-aarch64-apple-darwin.tar.gz"
url_api = "https://api.github.com/repos/rvben/rumdl/releases/assets/488745481"
provenance = "github-attestations"

[tools.rumdl."platforms.macos-x64"]
checksum = "sha256:9ae902fa12b095911a7568457afdcde73a5295b168a063cdf8d478a3728d6411"
url = "https://github.com/rvben/rumdl/releases/download/v0.2.43/rumdl-v0.2.43-x86_64-apple-darwin.tar.gz"
url_api = "https://api.github.com/repos/rvben/rumdl/releases/assets/488745471"
provenance = "github-attestations"

[[tools.shellcheck]]
version = "0.11.0"
backend = "aqua:koalaman/shellcheck"

[tools.shellcheck."platforms.linux-arm64"]
checksum = "sha256:12b331c1d2db6b9eb13cfca64306b1b157a86eb69db83023e261eaa7e7c14588"
url = "https://github.com/koalaman/shellcheck/releases/download/v0.11.0/shellcheck-v0.11.0.linux.aarch64.tar.xz"
url_api = "https://api.github.com/repos/koalaman/shellcheck/releases/assets/279056934"

[tools.shellcheck."platforms.linux-x64"]
checksum = "sha256:8c3be12b05d5c177a04c29e3c78ce89ac86f1595681cab149b65b97c4e227198"
url = "https://github.com/koalaman/shellcheck/releases/download/v0.11.0/shellcheck-v0.11.0.linux.x86_64.tar.xz"
url_api = "https://api.github.com/repos/koalaman/shellcheck/releases/assets/279056942"

[tools.shellcheck."platforms.macos-arm64"]
checksum = "sha256:56affdd8de5527894dca6dc3d7e0a99a873b0f004d7aabc30ae407d3f48b0a79"
url = "https://github.com/koalaman/shellcheck/releases/download/v0.11.0/shellcheck-v0.11.0.darwin.aarch64.tar.xz"
url_api = "https://api.github.com/repos/koalaman/shellcheck/releases/assets/279056932"

[tools.shellcheck."platforms.macos-x64"]
checksum = "sha256:3c89db4edcab7cf1c27bff178882e0f6f27f7afdf54e859fa041fca10febe4c6"
url = "https://github.com/koalaman/shellcheck/releases/download/v0.11.0/shellcheck-v0.11.0.darwin.x86_64.tar.xz"
url_api = "https://api.github.com/repos/koalaman/shellcheck/releases/assets/279056930"

[[tools.shfmt]]
version = "3.13.1"
backend = "aqua:mvdan/sh"

[tools.shfmt."platforms.linux-arm64"]
checksum = "sha256:32d92acaa5cd8abb29fc49dac123dc412442d5713967819d8af2c29f1b3857c7"
url = "https://github.com/mvdan/sh/releases/download/v3.13.1/shfmt_v3.13.1_linux_arm64"
url_api = "https://api.github.com/repos/mvdan/sh/releases/assets/390322859"

[tools.shfmt."platforms.linux-x64"]
checksum = "sha256:fb096c5d1ac6beabbdbaa2874d025badb03ee07929f0c9ff67563ce8c75398b1"
url = "https://github.com/mvdan/sh/releases/download/v3.13.1/shfmt_v3.13.1_linux_amd64"
url_api = "https://api.github.com/repos/mvdan/sh/releases/assets/390322866"

[tools.shfmt."platforms.macos-arm64"]
checksum = "sha256:9680526be4a66ea1ffe988ed08af58e1400fe1e4f4aef5bd88b20bb9b3da33f8"
url = "https://github.com/mvdan/sh/releases/download/v3.13.1/shfmt_v3.13.1_darwin_arm64"
url_api = "https://api.github.com/repos/mvdan/sh/releases/assets/390322881"

[tools.shfmt."platforms.macos-x64"]
checksum = "sha256:6feedafc72915794163114f512348e2437d080d0047ef8b8fa2ec63b575f12af"
url = "https://github.com/mvdan/sh/releases/download/v3.13.1/shfmt_v3.13.1_darwin_amd64"
url_api = "https://api.github.com/repos/mvdan/sh/releases/assets/390322886"

[[tools.tombi]]
version = "1.2.4"
backend = "aqua:tombi-toml/tombi"

[tools.tombi."platforms.linux-arm64"]
checksum = "sha256:91504ef7e605fca89ef55aea0a428ee58cf3e435f2650a8a9ce8886dd286b874"
url = "https://github.com/tombi-toml/tombi/releases/download/v1.2.4/tombi-cli-1.2.4-aarch64-unknown-linux-musl.tar.gz"
url_api = "https://api.github.com/repos/tombi-toml/tombi/releases/assets/482325750"
provenance = "github-attestations"

[tools.tombi."platforms.linux-x64"]
checksum = "sha256:a74364d9c27835cefd9d7d9e4fee0487a7f68bc5289650e61050d6b0c395dc4d"
url = "https://github.com/tombi-toml/tombi/releases/download/v1.2.4/tombi-cli-1.2.4-x86_64-unknown-linux-musl.tar.gz"
url_api = "https://api.github.com/repos/tombi-toml/tombi/releases/assets/482325758"
provenance = "github-attestations"

[tools.tombi."platforms.macos-arm64"]
checksum = "sha256:f05da8a5e619e156057e2e13c452437ac45b0865d73cf371b99763b1b539612b"
url = "https://github.com/tombi-toml/tombi/releases/download/v1.2.4/tombi-cli-1.2.4-aarch64-apple-darwin.tar.gz"
url_api = "https://api.github.com/repos/tombi-toml/tombi/releases/assets/482325748"
provenance = "github-attestations"

[tools.tombi."platforms.macos-x64"]
checksum = "sha256:54c94860225d348d3531a1c1ac81d86b6de315edc2640e143cfe18f2dcb0ca4d"
url = "https://github.com/tombi-toml/tombi/releases/download/v1.2.4/tombi-cli-1.2.4-x86_64-apple-darwin.tar.gz"
url_api = "https://api.github.com/repos/tombi-toml/tombi/releases/assets/482325746"
provenance = "github-attestations"

[[tools.ty]]
version = "0.0.63"
backend = "aqua:astral-sh/ty"

[tools.ty."platforms.linux-arm64"]
checksum = "sha256:e44b9da55ec237a8e8c53991c9df56603d2948d721c9710ec430e4112e2fbe6e"
url = "https://github.com/astral-sh/ty/releases/download/0.0.63/ty-aarch64-unknown-linux-musl.tar.gz"
url_api = "https://api.github.com/repos/astral-sh/ty/releases/assets/487124536"
provenance = "github-attestations"

[tools.ty."platforms.linux-x64"]
checksum = "sha256:363c340abc2490f3cfd7d9b829ff89cd8e79a41f8d9db911bf78dae48c36c436"
url = "https://github.com/astral-sh/ty/releases/download/0.0.63/ty-x86_64-unknown-linux-musl.tar.gz"
url_api = "https://api.github.com/repos/astral-sh/ty/releases/assets/487124639"
provenance = "github-attestations"

[tools.ty."platforms.macos-arm64"]
checksum = "sha256:30d09000d5f2524769816c57f85e19505676d23618aad6a43e046d5c50510988"
url = "https://github.com/astral-sh/ty/releases/download/0.0.63/ty-aarch64-apple-darwin.tar.gz"
url_api = "https://api.github.com/repos/astral-sh/ty/releases/assets/487124513"
provenance = "github-attestations"

[tools.ty."platforms.macos-x64"]
checksum = "sha256:5a18373c8bd6894be5f595a2cbefa4e72b7d5b95cfe2c2f075024a949064bba9"
url = "https://github.com/astral-sh/ty/releases/download/0.0.63/ty-x86_64-apple-darwin.tar.gz"
url_api = "https://api.github.com/repos/astral-sh/ty/releases/assets/487124618"
provenance = "github-attestations"

[[tools.typos]]
version = "1.48.0"
backend = "aqua:crate-ci/typos"

[tools.typos."platforms.linux-arm64"]
checksum = "sha256:2960ae07bc1ffe19e4895e4359394dd349c9c31de78aac3a124b6e4aeb206698"
url = "https://github.com/crate-ci/typos/releases/download/v1.48.0/typos-v1.48.0-aarch64-unknown-linux-musl.tar.gz"
url_api = "https://api.github.com/repos/crate-ci/typos/releases/assets/462429655"

[tools.typos."platforms.linux-x64"]
checksum = "sha256:72a930c9a94fc3914aa56835c5b859c892a797d40c1c42638b98d93f16ff519c"
url = "https://github.com/crate-ci/typos/releases/download/v1.48.0/typos-v1.48.0-x86_64-unknown-linux-musl.tar.gz"
url_api = "https://api.github.com/repos/crate-ci/typos/releases/assets/462429902"

[tools.typos."platforms.macos-arm64"]
checksum = "sha256:7dcaf386ec255995dcbaf629641f961574b7e8785203921115eab75cbf1ca107"
url = "https://github.com/crate-ci/typos/releases/download/v1.48.0/typos-v1.48.0-aarch64-apple-darwin.tar.gz"
url_api = "https://api.github.com/repos/crate-ci/typos/releases/assets/462430254"

[tools.typos."platforms.macos-x64"]
checksum = "sha256:f4335c255db3d57374484e0e96505c8910c0e2fa6d8813b15de529c98f93b1a9"
url = "https://github.com/crate-ci/typos/releases/download/v1.48.0/typos-v1.48.0-x86_64-apple-darwin.tar.gz"
url_api = "https://api.github.com/repos/crate-ci/typos/releases/assets/462431306"

[[tools.uv]]
version = "0.11.26"
backend = "aqua:astral-sh/uv"

[tools.uv."platforms.linux-arm64"]
checksum = "sha256:47418cfdb34b1ca42e503da72631ac8c475602e2411ac6c39aa84c2373fe6324"
url = "https://github.com/astral-sh/uv/releases/download/0.11.26/uv-aarch64-unknown-linux-musl.tar.gz"
url_api = "https://api.github.com/repos/astral-sh/uv/releases/assets/462248215"
provenance = "github-attestations"

[tools.uv."platforms.linux-x64"]
checksum = "sha256:62bf1a53501adf4083224b69b33737450ac516935f5a5e483e9dfaf2665084de"
url = "https://github.com/astral-sh/uv/releases/download/0.11.26/uv-x86_64-unknown-linux-musl.tar.gz"
url_api = "https://api.github.com/repos/astral-sh/uv/releases/assets/462248297"
provenance = "github-attestations"

[tools.uv."platforms.macos-arm64"]
checksum = "sha256:8f7fbf1708399b921857bce71e1d60f0d3ccf52a30caebc1c1a2f175dce13ab6"
url = "https://github.com/astral-sh/uv/releases/download/0.11.26/uv-aarch64-apple-darwin.tar.gz"
url_api = "https://api.github.com/repos/astral-sh/uv/releases/assets/462248188"
provenance = "github-attestations"

[tools.uv."platforms.macos-x64"]
checksum = "sha256:922b460202707dd5f4ccacbadbe7f6a546cc46e82a99bf50ca99a7977a78eddd"
url = "https://github.com/astral-sh/uv/releases/download/0.11.26/uv-x86_64-apple-darwin.tar.gz"
url_api = "https://api.github.com/repos/astral-sh/uv/releases/assets/462248284"
provenance = "github-attestations"

[[tools.yamlfmt]]
version = "0.21.0"
backend = "aqua:google/yamlfmt"

[tools.yamlfmt."platforms.linux-arm64"]
checksum = "sha256:5b2689c963b177271330c5ce8ca7396751107e5a826be46f03d2cb9b6f0c7784"
url = "https://github.com/google/yamlfmt/releases/download/v0.21.0/yamlfmt_0.21.0_Linux_arm64.tar.gz"
url_api = "https://api.github.com/repos/google/yamlfmt/releases/assets/336650208"

[tools.yamlfmt."platforms.linux-x64"]
checksum = "sha256:1f300d9257b232bb3b541d7fb1b0e6b3c121bcbab381c86cd38cb8722be8a566"
url = "https://github.com/google/yamlfmt/releases/download/v0.21.0/yamlfmt_0.21.0_Linux_x86_64.tar.gz"
url_api = "https://api.github.com/repos/google/yamlfmt/releases/assets/336650203"

[tools.yamlfmt."platforms.macos-arm64"]
checksum = "sha256:4b417ecb94339d57e4c122ecc948c1a00fe328b5853266de9806e652a92858fa"
url = "https://github.com/google/yamlfmt/releases/download/v0.21.0/yamlfmt_0.21.0_Darwin_arm64.tar.gz"
url_api = "https://api.github.com/repos/google/yamlfmt/releases/assets/336650209"

[tools.yamlfmt."platforms.macos-x64"]
checksum = "sha256:060e943bcb8583c456810eb1ff4721b4f46c4a0c1a4432449d5dc3bbfe29a22b"
url = "https://github.com/google/yamlfmt/releases/download/v0.21.0/yamlfmt_0.21.0_Darwin_x86_64.tar.gz"
url_api = "https://api.github.com/repos/google/yamlfmt/releases/assets/336650207"

[[tools.yamllint]]
version = "1.38.0"
backend = "pipx:yamllint"

[[tools.zizmor]]
version = "1.28.0"
backend = "aqua:zizmorcore/zizmor"

[tools.zizmor."platforms.linux-arm64"]
checksum = "sha256:324e43770cfacf4216f8aefb287263b5b5c733c85b03bf7583b5cc4a0460239e"
url = "https://github.com/zizmorcore/zizmor/releases/download/v1.28.0/zizmor-aarch64-unknown-linux-gnu.tar.gz"
url_api = "https://api.github.com/repos/zizmorcore/zizmor/releases/assets/485211654"
provenance = "github-attestations"

[tools.zizmor."platforms.linux-x64"]
checksum = "sha256:e87b67160194884e375a46a12c57ccc904f762b53845f254fab7f17d98809c09"
url = "https://github.com/zizmorcore/zizmor/releases/download/v1.28.0/zizmor-x86_64-unknown-linux-gnu.tar.gz"
url_api = "https://api.github.com/repos/zizmorcore/zizmor/releases/assets/485211657"
provenance = "github-attestations"

[tools.zizmor."platforms.macos-arm64"]
checksum = "sha256:54949bbd6b4c8527046bb8990bac9e0dab3eec787640f4e6199ae121dd1040be"
url = "https://github.com/zizmorcore/zizmor/releases/download/v1.28.0/zizmor-aarch64-apple-darwin.tar.gz"
url_api = "https://api.github.com/repos/zizmorcore/zizmor/releases/assets/485211655"
provenance = "github-attestations"

[tools.zizmor."platforms.macos-x64"]
checksum = "sha256:40a58d8560d65c71357b3977d0da425773bf8f10bf1ffd38099d963d3afdf3aa"
url = "https://github.com/zizmorcore/zizmor/releases/download/v1.28.0/zizmor-x86_64-apple-darwin.tar.gz"
url_api = "https://api.github.com/repos/zizmorcore/zizmor/releases/assets/485211652"
provenance = "github-attestations"
