# @generated - this file is auto-generated by `mise lock` https://mise.jdx.dev/dev-tools/mise-lock.html

[[tools.actionlint]]
version = "1.7.12"
backend = "aqua:rhysd/actionlint"

[tools.actionlint."platforms.linux-arm64"]
checksum = "sha256:325e971b6ba9bfa504672e29be93c24981eeb1c07576d730e9f7c8805afff0c6"
url = "https://github.com/rhysd/actionlint/releases/download/v1.7.12/actionlint_1.7.12_linux_arm64.tar.gz"
url_api = "https://api.github.com/repos/rhysd/actionlint/releases/assets/384924897"
provenance = "github-attestations"

[tools.actionlint."platforms.linux-x64"]
checksum = "sha256:8aca8db96f1b94770f1b0d72b6dddcb1ebb8123cb3712530b08cc387b349a3d8"
url = "https://github.com/rhysd/actionlint/releases/download/v1.7.12/actionlint_1.7.12_linux_amd64.tar.gz"
url_api = "https://api.github.com/repos/rhysd/actionlint/releases/assets/384924896"
provenance = "github-attestations"

[tools.actionlint."platforms.macos-arm64"]
checksum = "sha256:aba9ced2dee8d27fecca3dc7feb1a7f9a52caefa1eb46f3271ea66b6e0e6953f"
url = "https://github.com/rhysd/actionlint/releases/download/v1.7.12/actionlint_1.7.12_darwin_arm64.tar.gz"
url_api = "https://api.github.com/repos/rhysd/actionlint/releases/assets/384924893"
provenance = "github-attestations"

[tools.actionlint."platforms.macos-x64"]
checksum = "sha256:5b44c3bc2255115c9b69e30efc0fecdf498fdb63c5d58e17084fd5f16324c644"
url = "https://github.com/rhysd/actionlint/releases/download/v1.7.12/actionlint_1.7.12_darwin_amd64.tar.gz"
url_api = "https://api.github.com/repos/rhysd/actionlint/releases/assets/384924880"
provenance = "github-attestations"

[[tools.aube]]
version = "1.25.1"
backend = "aqua:jdx/aube"

[tools.aube."platforms.linux-arm64"]
checksum = "sha256:c7efb8a0ebd8d83ac8a1c96d388b582fd2f28bae80ed81b3786e2a63d871babe"
url = "https://github.com/jdx/aube/releases/download/v1.25.1/aube-v1.25.1-aarch64-unknown-linux-gnu.tar.gz"
url_api = "https://api.github.com/repos/jdx/aube/releases/assets/458188072"
provenance = "github-attestations"

[tools.aube."platforms.linux-x64"]
checksum = "sha256:a17b12e647cf2e60998c8f6eddfb1c0d0375196fcc7c2bf05d5fc5305744638f"
url = "https://github.com/jdx/aube/releases/download/v1.25.1/aube-v1.25.1-x86_64-unknown-linux-gnu.tar.gz"
url_api = "https://api.github.com/repos/jdx/aube/releases/assets/458172538"
provenance = "github-attestations"

[tools.aube."platforms.macos-arm64"]
checksum = "sha256:3d99c9c6d9d20f271312db39c46022898d765b6a407574f59d6accb0a430ee32"
url = "https://github.com/jdx/aube/releases/download/v1.25.1/aube-v1.25.1-aarch64-apple-darwin.tar.gz"
url_api = "https://api.github.com/repos/jdx/aube/releases/assets/458198306"
provenance = "github-attestations"

[[tools.betterleaks]]
version = "1.6.1"
backend = "aqua:betterleaks/betterleaks"

[tools.betterleaks."platforms.linux-arm64"]
checksum = "sha256:bab9688ba968264ace67b608fc7a7d8f5e61218cde70029d32cbc894e3808fdf"
url = "https://github.com/betterleaks/betterleaks/releases/download/v1.6.1/betterleaks_1.6.1_linux_arm64.tar.gz"
url_api = "https://api.github.com/repos/betterleaks/betterleaks/releases/assets/462264875"
provenance = "cosign"

[tools.betterleaks."platforms.linux-x64"]
checksum = "sha256:fbefc700a0bd4522cc952dd2a8f259cdb80526d7e60114aca19bb2d6fdc80f81"
url = "https://github.com/betterleaks/betterleaks/releases/download/v1.6.1/betterleaks_1.6.1_linux_x64.tar.gz"
url_api = "https://api.github.com/repos/betterleaks/betterleaks/releases/assets/462264876"
provenance = "cosign"

[tools.betterleaks."platforms.macos-arm64"]
checksum = "sha256:9996bfcc93fd2ae6976c7902e3b2177766ec1960c1e30a15398609d5177ef3f8"
url = "https://github.com/betterleaks/betterleaks/releases/download/v1.6.1/betterleaks_1.6.1_darwin_arm64.tar.gz"
url_api = "https://api.github.com/repos/betterleaks/betterleaks/releases/assets/462264879"
provenance = "cosign"

[tools.betterleaks."platforms.macos-x64"]
checksum = "sha256:07ddb85c4b2c55da6b671a6af667c89d89c68c52aff8fd73a1118a92d373db8c"
url = "https://github.com/betterleaks/betterleaks/releases/download/v1.6.1/betterleaks_1.6.1_darwin_x64.tar.gz"
url_api = "https://api.github.com/repos/betterleaks/betterleaks/releases/assets/462264877"
provenance = "cosign"

[[tools.cocogitto]]
version = "7.0.0"
backend = "aqua:cocogitto/cocogitto"

[tools.cocogitto."platforms.linux-arm64"]
checksum = "sha256:379949f50c4f8245ef9532913e83f351c048b55e40ebd52ed8a850642c07a753"
url = "https://github.com/cocogitto/cocogitto/releases/download/7.0.0/cocogitto-7.0.0-aarch64-unknown-linux-gnu.tar.gz"
url_api = "https://api.github.com/repos/cocogitto/cocogitto/releases/assets/366659384"

[tools.cocogitto."platforms.linux-x64"]
checksum = "sha256:e03938ff2c4c86d71c00c0f3284dbbe95c5ca76fe34a51f33e945c23010d59bb"
url = "https://github.com/cocogitto/cocogitto/releases/download/7.0.0/cocogitto-7.0.0-x86_64-unknown-linux-musl.tar.gz"
url_api = "https://api.github.com/repos/cocogitto/cocogitto/releases/assets/366659350"

[tools.cocogitto."platforms.macos-arm64"]
checksum = "sha256:429303b6d68c6461aa221ab4de82b26d0bbcdee7127947ea9c7c411ab9bc574c"
url = "https://github.com/cocogitto/cocogitto/releases/download/7.0.0/cocogitto-7.0.0-aarch64-apple-darwin.tar.gz"
url_api = "https://api.github.com/repos/cocogitto/cocogitto/releases/assets/366659431"

[tools.cocogitto."platforms.macos-x64"]
checksum = "sha256:591dcd462e2e35ecc21caf41a15a65d464b7ce1ce8a5c299fa0d46a7798dddb0"
url = "https://github.com/cocogitto/cocogitto/releases/download/7.0.0/cocogitto-7.0.0-x86_64-apple-darwin.tar.gz"
url_api = "https://api.github.com/repos/cocogitto/cocogitto/releases/assets/366659418"

[[tools.editorconfig-checker]]
version = "3.8.0"
backend = "aqua:editorconfig-checker/editorconfig-checker"

[tools.editorconfig-checker."platforms.linux-arm64"]
checksum = "sha256:5676889ac4eed1036180ffbe2aeb2062d985ac50f7e6035fe61160c6b8be2c33"
url = "https://github.com/editorconfig-checker/editorconfig-checker/releases/download/v3.8.0/ec-linux-arm64.tar.gz"
url_api = "https://api.github.com/repos/editorconfig-checker/editorconfig-checker/releases/assets/460248498"

[tools.editorconfig-checker."platforms.linux-x64"]
checksum = "sha256:613bd88f34165a334adcb6b7e92a123c9de0eada65846d31af63613b779ff3be"
url = "https://github.com/editorconfig-checker/editorconfig-checker/releases/download/v3.8.0/ec-linux-amd64.tar.gz"
url_api = "https://api.github.com/repos/editorconfig-checker/editorconfig-checker/releases/assets/460248510"

[tools.editorconfig-checker."platforms.macos-arm64"]
checksum = "sha256:73bbb23c24b94c9e61d7ed3694cc313943c59e5e8bc5bee9f186a997a45eb046"
url = "https://github.com/editorconfig-checker/editorconfig-checker/releases/download/v3.8.0/ec-darwin-arm64.tar.gz"
url_api = "https://api.github.com/repos/editorconfig-checker/editorconfig-checker/releases/assets/460248516"

[tools.editorconfig-checker."platforms.macos-x64"]
checksum = "sha256:ee0d45c94b9808a5aa15e08f94333a81842b456f511f29f71a8fe589b82d72a1"
url = "https://github.com/editorconfig-checker/editorconfig-checker/releases/download/v3.8.0/ec-darwin-amd64.tar.gz"
url_api = "https://api.github.com/repos/editorconfig-checker/editorconfig-checker/releases/assets/460248506"

[[tools."github:anordal/shellharden"]]
version = "4.3.2"
backend = "github:anordal/shellharden"

[tools."github:anordal/shellharden"."platforms.linux-arm64"]
checksum = "sha256:ba7e480234c0acd0493b21446e19db430afc522c7f22553f3c11d839d997ec04"
url = "https://github.com/anordal/shellharden/releases/download/v4.3.2/shellharden-aarch64-unknown-linux-gnu.tar.gz"
url_api = "https://api.github.com/repos/anordal/shellharden/releases/assets/459691215"

[tools."github:anordal/shellharden"."platforms.linux-x64"]
checksum = "sha256:e81e97bc6bccff59b826d3b39328ab19b26721a236440f740ba71754531c7286"
url = "https://github.com/anordal/shellharden/releases/download/v4.3.2/shellharden-x86_64-unknown-linux-gnu.tar.gz"
url_api = "https://api.github.com/repos/anordal/shellharden/releases/assets/459690751"

[tools."github:anordal/shellharden"."platforms.macos-arm64"]
checksum = "sha256:4279643d791619f7ce4a3fbdedb0cefd51916cd5d64b2956cb1e69df744678ec"
url = "https://github.com/anordal/shellharden/releases/download/v4.3.2/shellharden-aarch64-apple-darwin.tar.gz"
url_api = "https://api.github.com/repos/anordal/shellharden/releases/assets/459690669"

[tools."github:anordal/shellharden"."platforms.macos-x64"]
checksum = "sha256:6996f9d05fcc4fccfba3aac068552d38b2b08c99e51e5e15c3f8beab207e4baf"
url = "https://github.com/anordal/shellharden/releases/download/v4.3.2/shellharden-x86_64-apple-darwin.tar.gz"
url_api = "https://api.github.com/repos/anordal/shellharden/releases/assets/459690672"

[[tools.harper-cli]]
version = "2.6.0"
backend = "aqua:Automattic/harper/harper-cli"

[tools.harper-cli."platforms.linux-arm64"]
checksum = "sha256:e95271b44eafd5883878f49f231bbc2a4639a7cc4c3f5554039942dbbb9ec71d"
url = "https://github.com/Automattic/harper/releases/download/v2.6.0/harper-cli-aarch64-unknown-linux-gnu.tar.gz"
url_api = "https://api.github.com/repos/Automattic/harper/releases/assets/456745232"

[tools.harper-cli."platforms.linux-x64"]
checksum = "sha256:4c7706869d57e05861b08f1e0750835d6ac3eb16b9c333538ba425d05757725f"
url = "https://github.com/Automattic/harper/releases/download/v2.6.0/harper-cli-x86_64-unknown-linux-gnu.tar.gz"
url_api = "https://api.github.com/repos/Automattic/harper/releases/assets/456744965"

[tools.harper-cli."platforms.macos-arm64"]
checksum = "sha256:4ff0a0aa1e845a7295d85ce70877cdd8bd9e917a7a0027b0ed57acd2bf13808f"
url = "https://github.com/Automattic/harper/releases/download/v2.6.0/harper-cli-aarch64-apple-darwin.tar.gz"
url_api = "https://api.github.com/repos/Automattic/harper/releases/assets/456745684"

[tools.harper-cli."platforms.macos-x64"]
checksum = "sha256:23d03f4482d11a72fa370b186322962e49093e88d7b13f3c9d43f5bb29ff9b43"
url = "https://github.com/Automattic/harper/releases/download/v2.6.0/harper-cli-x86_64-apple-darwin.tar.gz"
url_api = "https://api.github.com/repos/Automattic/harper/releases/assets/456744844"

[[tools.hk]]
version = "1.49.0"
backend = "aqua:jdx/hk"

[tools.hk."platforms.linux-arm64"]
checksum = "sha256:9d1b59d01d88a663b532230f718fb03fc244c41495a9eecc044ca0b47819a9d8"
url = "https://github.com/jdx/hk/releases/download/v1.49.0/hk-aarch64-unknown-linux-gnu.tar.gz"
url_api = "https://api.github.com/repos/jdx/hk/releases/assets/463689401"

[tools.hk."platforms.linux-x64"]
checksum = "sha256:409c24b22c7f0c2f32be9330defbef54adf71aa53ec13853e20ac0ea952061d6"
url = "https://github.com/jdx/hk/releases/download/v1.49.0/hk-x86_64-unknown-linux-gnu.tar.gz"
url_api = "https://api.github.com/repos/jdx/hk/releases/assets/463689407"

[tools.hk."platforms.macos-arm64"]
checksum = "sha256:2a5b302b97107c036bc7362cd6d8d0501dbb1b735db07c70bc1231a6fe90df44"
url = "https://github.com/jdx/hk/releases/download/v1.49.0/hk-aarch64-apple-darwin.tar.gz"
url_api = "https://api.github.com/repos/jdx/hk/releases/assets/463689399"

[[tools.mdbook]]
version = "0.5.2"
backend = "aqua:rust-lang/mdBook"

[tools.mdbook."platforms.linux-x64"]
checksum = "sha256:8e9d802bbecea34380aabfc65bec4fdba23c07453ef2c7e06fa34c282082e2c4"
url = "https://github.com/rust-lang/mdBook/releases/download/v0.5.2/mdbook-v0.5.2-x86_64-unknown-linux-musl.tar.gz"
url_api = "https://api.github.com/repos/rust-lang/mdBook/releases/assets/327545066"

[tools.mdbook."platforms.macos-arm64"]
checksum = "sha256:17cc64478ec279a73881420e850bd8f9d460552e56b50159ff465bc97eb90d6c"
url = "https://github.com/rust-lang/mdBook/releases/download/v0.5.2/mdbook-v0.5.2-x86_64-apple-darwin.tar.gz"
url_api = "https://api.github.com/repos/rust-lang/mdBook/releases/assets/327545156"

[tools.mdbook."platforms.macos-x64"]
checksum = "sha256:17cc64478ec279a73881420e850bd8f9d460552e56b50159ff465bc97eb90d6c"
url = "https://github.com/rust-lang/mdBook/releases/download/v0.5.2/mdbook-v0.5.2-x86_64-apple-darwin.tar.gz"
url_api = "https://api.github.com/repos/rust-lang/mdBook/releases/assets/327545156"

[[tools."npm:@contextlint/cli"]]
version = "1.1.1"
backend = "npm:@contextlint/cli"

[tools."npm:@contextlint/cli".options]
aube_args = "--allow-low-downloads"

[[tools."npm:markdown-table-formatter"]]
version = "1.7.0"
backend = "npm:markdown-table-formatter"

[[tools."npm:markdownlint-cli"]]
version = "0.48.0"
backend = "npm:markdownlint-cli"

[[tools.pkl]]
version = "0.31.1"
backend = "aqua:apple/pkl"

[tools.pkl."platforms.linux-arm64"]
checksum = "sha256:7ef10e743daa921fb94ae7bdb9ec6986f362bf250c55814b9ea2aeb13f2d083e"
url = "https://github.com/apple/pkl/releases/download/0.31.1/pkl-linux-aarch64"
url_api = "https://api.github.com/repos/apple/pkl/releases/assets/382243722"

[tools.pkl."platforms.linux-x64"]
checksum = "sha256:618f13955d755cafbfe8c9cba1d27635848cd49dbc6abffd398d2751db1231bf"
url = "https://github.com/apple/pkl/releases/download/0.31.1/pkl-linux-amd64"
url_api = "https://api.github.com/repos/apple/pkl/releases/assets/382243718"

[tools.pkl."platforms.macos-arm64"]
checksum = "sha256:1b6a5438d9624cd2798a7530721bbbfa27ef72efe5c878a1b6c546c6e7ca0e8f"
url = "https://github.com/apple/pkl/releases/download/0.31.1/pkl-macos-aarch64"
url_api = "https://api.github.com/repos/apple/pkl/releases/assets/382243720"

[tools.pkl."platforms.macos-x64"]
checksum = "sha256:22123ed4ae4c03afa8c54c69f77f0bec39b0fa0f67b09d6d148e0a376a2a471d"
url = "https://github.com/apple/pkl/releases/download/0.31.1/pkl-macos-amd64"
url_api = "https://api.github.com/repos/apple/pkl/releases/assets/382243726"

[[tools.ruff]]
version = "0.15.20"
backend = "aqua:astral-sh/ruff"

[tools.ruff."platforms.linux-arm64"]
checksum = "sha256:2e06ebae862dce74eb7b084081621f2d4183e18e60cb074e7906f862869fa1b6"
url = "https://github.com/astral-sh/ruff/releases/download/0.15.20/ruff-aarch64-unknown-linux-musl.tar.gz"
url_api = "https://api.github.com/repos/astral-sh/ruff/releases/assets/457843062"
provenance = "github-attestations"

[tools.ruff."platforms.linux-x64"]
checksum = "sha256:0715560b2402024b529a4ffd6ea7d3814a090eb255a6216259fb192823be3ad8"
url = "https://github.com/astral-sh/ruff/releases/download/0.15.20/ruff-x86_64-unknown-linux-musl.tar.gz"
url_api = "https://api.github.com/repos/astral-sh/ruff/releases/assets/457843135"
provenance = "github-attestations"

[tools.ruff."platforms.macos-arm64"]
checksum = "sha256:cb41c48690c113dc08470e64103ce65ca15249c6ce3495d3ac792b329a83e8c1"
url = "https://github.com/astral-sh/ruff/releases/download/0.15.20/ruff-aarch64-apple-darwin.tar.gz"
url_api = "https://api.github.com/repos/astral-sh/ruff/releases/assets/457843056"
provenance = "github-attestations"

[tools.ruff."platforms.macos-x64"]
checksum = "sha256:36b91219b3aae00464e2a4fa361766abd47d0402ac88fbe6da5de44285738386"
url = "https://github.com/astral-sh/ruff/releases/download/0.15.20/ruff-x86_64-apple-darwin.tar.gz"
url_api = "https://api.github.com/repos/astral-sh/ruff/releases/assets/457843105"
provenance = "github-attestations"

[[tools.rumdl]]
version = "0.2.30"
backend = "aqua:rvben/rumdl"

[tools.rumdl."platforms.linux-arm64"]
checksum = "sha256:0d55107e6070e0c0f755102bf3583f209e889511bb82d5abcb9e5547a2a7af1f"
url = "https://github.com/rvben/rumdl/releases/download/v0.2.30/rumdl-v0.2.30-aarch64-unknown-linux-musl.tar.gz"
url_api = "https://api.github.com/repos/rvben/rumdl/releases/assets/471593988"
provenance = "github-attestations"

[tools.rumdl."platforms.linux-x64"]
checksum = "sha256:5d1c80418463aa7ca7edf1854602db717a3aa9be05fe9dc6a337263f5e78ebe0"
url = "https://github.com/rvben/rumdl/releases/download/v0.2.30/rumdl-v0.2.30-x86_64-unknown-linux-musl.tar.gz"
url_api = "https://api.github.com/repos/rvben/rumdl/releases/assets/471593986"
provenance = "github-attestations"

[tools.rumdl."platforms.macos-arm64"]
checksum = "sha256:ea40c02fbe1c483959cd4a44226eeddee1433e1298aec0f1351d54f1c08c9f5d"
url = "https://github.com/rvben/rumdl/releases/download/v0.2.30/rumdl-v0.2.30-aarch64-apple-darwin.tar.gz"
url_api = "https://api.github.com/repos/rvben/rumdl/releases/assets/471593996"
provenance = "github-attestations"

[tools.rumdl."platforms.macos-x64"]
checksum = "sha256:75e0d97d9cd304fee4f0f9dd736b2d8be641b6b5f4d5b49460dcb4790172b8ac"
url = "https://github.com/rvben/rumdl/releases/download/v0.2.30/rumdl-v0.2.30-x86_64-apple-darwin.tar.gz"
url_api = "https://api.github.com/repos/rvben/rumdl/releases/assets/471593987"
provenance = "github-attestations"

[[tools.shellcheck]]
version = "0.11.0"
backend = "aqua:koalaman/shellcheck"

[tools.shellcheck."platforms.linux-arm64"]
checksum = "sha256:12b331c1d2db6b9eb13cfca64306b1b157a86eb69db83023e261eaa7e7c14588"
url = "https://github.com/koalaman/shellcheck/releases/download/v0.11.0/shellcheck-v0.11.0.linux.aarch64.tar.xz"
url_api = "https://api.github.com/repos/koalaman/shellcheck/releases/assets/279056934"

[tools.shellcheck."platforms.linux-x64"]
checksum = "sha256:8c3be12b05d5c177a04c29e3c78ce89ac86f1595681cab149b65b97c4e227198"
url = "https://github.com/koalaman/shellcheck/releases/download/v0.11.0/shellcheck-v0.11.0.linux.x86_64.tar.xz"
url_api = "https://api.github.com/repos/koalaman/shellcheck/releases/assets/279056942"

[tools.shellcheck."platforms.macos-arm64"]
checksum = "sha256:56affdd8de5527894dca6dc3d7e0a99a873b0f004d7aabc30ae407d3f48b0a79"
url = "https://github.com/koalaman/shellcheck/releases/download/v0.11.0/shellcheck-v0.11.0.darwin.aarch64.tar.xz"
url_api = "https://api.github.com/repos/koalaman/shellcheck/releases/assets/279056932"

[tools.shellcheck."platforms.macos-x64"]
checksum = "sha256:3c89db4edcab7cf1c27bff178882e0f6f27f7afdf54e859fa041fca10febe4c6"
url = "https://github.com/koalaman/shellcheck/releases/download/v0.11.0/shellcheck-v0.11.0.darwin.x86_64.tar.xz"
url_api = "https://api.github.com/repos/koalaman/shellcheck/releases/assets/279056930"

[[tools.shfmt]]
version = "3.13.1"
backend = "aqua:mvdan/sh"

[tools.shfmt."platforms.linux-arm64"]
checksum = "sha256:32d92acaa5cd8abb29fc49dac123dc412442d5713967819d8af2c29f1b3857c7"
url = "https://github.com/mvdan/sh/releases/download/v3.13.1/shfmt_v3.13.1_linux_arm64"
url_api = "https://api.github.com/repos/mvdan/sh/releases/assets/390322859"

[tools.shfmt."platforms.linux-x64"]
checksum = "sha256:fb096c5d1ac6beabbdbaa2874d025badb03ee07929f0c9ff67563ce8c75398b1"
url = "https://github.com/mvdan/sh/releases/download/v3.13.1/shfmt_v3.13.1_linux_amd64"
url_api = "https://api.github.com/repos/mvdan/sh/releases/assets/390322866"

[tools.shfmt."platforms.macos-arm64"]
checksum = "sha256:9680526be4a66ea1ffe988ed08af58e1400fe1e4f4aef5bd88b20bb9b3da33f8"
url = "https://github.com/mvdan/sh/releases/download/v3.13.1/shfmt_v3.13.1_darwin_arm64"
url_api = "https://api.github.com/repos/mvdan/sh/releases/assets/390322881"

[tools.shfmt."platforms.macos-x64"]
checksum = "sha256:6feedafc72915794163114f512348e2437d080d0047ef8b8fa2ec63b575f12af"
url = "https://github.com/mvdan/sh/releases/download/v3.13.1/shfmt_v3.13.1_darwin_amd64"
url_api = "https://api.github.com/repos/mvdan/sh/releases/assets/390322886"

[[tools.tombi]]
version = "0.9.16"
backend = "aqua:tombi-toml/tombi"

[tools.tombi."platforms.linux-arm64"]
checksum = "sha256:0549ee34fbbaf462ae8b17c41fc30dbfdada8e2adadc058b1f92d6d0070ca70e"
url = "https://github.com/tombi-toml/tombi/releases/download/v0.9.16/tombi-cli-0.9.16-aarch64-unknown-linux-musl.gz"
url_api = "https://api.github.com/repos/tombi-toml/tombi/releases/assets/391322181"

[tools.tombi."platforms.linux-x64"]
checksum = "sha256:93f0b5febc18f60c172a7d4008325183f6b90d3c2a2454e27bbc7aaa662c25de"
url = "https://github.com/tombi-toml/tombi/releases/download/v0.9.16/tombi-cli-0.9.16-x86_64-unknown-linux-musl.gz"
url_api = "https://api.github.com/repos/tombi-toml/tombi/releases/assets/391322169"

[tools.tombi."platforms.macos-arm64"]
checksum = "sha256:4a33dff421e644c03708b26cf73b235f7f146ef6af9ba631b66aa97cb10244ae"
url = "https://github.com/tombi-toml/tombi/releases/download/v0.9.16/tombi-cli-0.9.16-aarch64-apple-darwin.gz"
url_api = "https://api.github.com/repos/tombi-toml/tombi/releases/assets/391322176"

[tools.tombi."platforms.macos-x64"]
checksum = "sha256:847a696cf655e642d7402560badde15c6fbb2b34a7e21fa33ba2614d74816a4e"
url = "https://github.com/tombi-toml/tombi/releases/download/v0.9.16/tombi-cli-0.9.16-x86_64-apple-darwin.gz"
url_api = "https://api.github.com/repos/tombi-toml/tombi/releases/assets/391322177"

[[tools.ty]]
version = "0.0.14"
backend = "aqua:astral-sh/ty"

[tools.ty."platforms.linux-arm64"]
checksum = "sha256:58e2b5ba8c42f426f8dd1d14acff7a1c47139f23dca54dcd6b0e881ce69b1111"
url = "https://github.com/astral-sh/ty/releases/download/0.0.14/ty-aarch64-unknown-linux-musl.tar.gz"
url_api = "https://api.github.com/repos/astral-sh/ty/releases/assets/346368430"

[tools.ty."platforms.linux-x64"]
checksum = "sha256:bf7d2b5e36746eb211e5a4b89e5919ce748c08f1a29f2391b816f99f8f94f3bf"
url = "https://github.com/astral-sh/ty/releases/download/0.0.14/ty-x86_64-unknown-linux-musl.tar.gz"
url_api = "https://api.github.com/repos/astral-sh/ty/releases/assets/346368469"

[tools.ty."platforms.macos-arm64"]
checksum = "sha256:4bcd64cff138cadfccab9116ff491322ade3186415b22e962889164715fdfb53"
url = "https://github.com/astral-sh/ty/releases/download/0.0.14/ty-aarch64-apple-darwin.tar.gz"
url_api = "https://api.github.com/repos/astral-sh/ty/releases/assets/346368419"

[tools.ty."platforms.macos-x64"]
checksum = "sha256:a3b8bc95a4e908b0f037fff32365ef2fec444a0d79f621dfd076d91e885a1b5d"
url = "https://github.com/astral-sh/ty/releases/download/0.0.14/ty-x86_64-apple-darwin.tar.gz"
url_api = "https://api.github.com/repos/astral-sh/ty/releases/assets/346368458"

[[tools.typos]]
version = "1.46.3"
backend = "aqua:crate-ci/typos"

[tools.typos."platforms.linux-arm64"]
checksum = "sha256:3cbc11f8f476e07d8cef3dbd5c898d4e800b6c8a03c292ca4e0e571265958491"
url = "https://github.com/crate-ci/typos/releases/download/v1.46.3/typos-v1.46.3-aarch64-unknown-linux-musl.tar.gz"
url_api = "https://api.github.com/repos/crate-ci/typos/releases/assets/427994589"

[tools.typos."platforms.linux-x64"]
checksum = "sha256:a8b422b8ed79de732a31a705a9899e0a29124f8dc2f0a0f54dc127154ceb3b93"
url = "https://github.com/crate-ci/typos/releases/download/v1.46.3/typos-v1.46.3-x86_64-unknown-linux-musl.tar.gz"
url_api = "https://api.github.com/repos/crate-ci/typos/releases/assets/427995171"

[tools.typos."platforms.macos-arm64"]
checksum = "sha256:503d4b0b2035d96fb286b5dc8594bda6a587cc76c1ad1022aa36a2634d42ae4b"
url = "https://github.com/crate-ci/typos/releases/download/v1.46.3/typos-v1.46.3-aarch64-apple-darwin.tar.gz"
url_api = "https://api.github.com/repos/crate-ci/typos/releases/assets/427994939"

[tools.typos."platforms.macos-x64"]
checksum = "sha256:70da5d5753674df9411e9df417380bb085acb6dc5e140b4c4799443db4dee407"
url = "https://github.com/crate-ci/typos/releases/download/v1.46.3/typos-v1.46.3-x86_64-apple-darwin.tar.gz"
url_api = "https://api.github.com/repos/crate-ci/typos/releases/assets/427994210"

[[tools.uv]]
version = "0.11.26"
backend = "aqua:astral-sh/uv"

[tools.uv."platforms.linux-arm64"]
checksum = "sha256:47418cfdb34b1ca42e503da72631ac8c475602e2411ac6c39aa84c2373fe6324"
url = "https://github.com/astral-sh/uv/releases/download/0.11.26/uv-aarch64-unknown-linux-musl.tar.gz"
url_api = "https://api.github.com/repos/astral-sh/uv/releases/assets/462248215"
provenance = "github-attestations"

[tools.uv."platforms.linux-x64"]
checksum = "sha256:62bf1a53501adf4083224b69b33737450ac516935f5a5e483e9dfaf2665084de"
url = "https://github.com/astral-sh/uv/releases/download/0.11.26/uv-x86_64-unknown-linux-musl.tar.gz"
url_api = "https://api.github.com/repos/astral-sh/uv/releases/assets/462248297"
provenance = "github-attestations"

[tools.uv."platforms.macos-arm64"]
checksum = "sha256:8f7fbf1708399b921857bce71e1d60f0d3ccf52a30caebc1c1a2f175dce13ab6"
url = "https://github.com/astral-sh/uv/releases/download/0.11.26/uv-aarch64-apple-darwin.tar.gz"
url_api = "https://api.github.com/repos/astral-sh/uv/releases/assets/462248188"
provenance = "github-attestations"

[tools.uv."platforms.macos-x64"]
checksum = "sha256:922b460202707dd5f4ccacbadbe7f6a546cc46e82a99bf50ca99a7977a78eddd"
url = "https://github.com/astral-sh/uv/releases/download/0.11.26/uv-x86_64-apple-darwin.tar.gz"
url_api = "https://api.github.com/repos/astral-sh/uv/releases/assets/462248284"
provenance = "github-attestations"

[[tools.yamlfmt]]
version = "0.21.0"
backend = "aqua:google/yamlfmt"

[tools.yamlfmt."platforms.linux-arm64"]
checksum = "sha256:5b2689c963b177271330c5ce8ca7396751107e5a826be46f03d2cb9b6f0c7784"
url = "https://github.com/google/yamlfmt/releases/download/v0.21.0/yamlfmt_0.21.0_Linux_arm64.tar.gz"
url_api = "https://api.github.com/repos/google/yamlfmt/releases/assets/336650208"

[tools.yamlfmt."platforms.linux-x64"]
checksum = "sha256:1f300d9257b232bb3b541d7fb1b0e6b3c121bcbab381c86cd38cb8722be8a566"
url = "https://github.com/google/yamlfmt/releases/download/v0.21.0/yamlfmt_0.21.0_Linux_x86_64.tar.gz"
url_api = "https://api.github.com/repos/google/yamlfmt/releases/assets/336650203"

[tools.yamlfmt."platforms.macos-arm64"]
checksum = "sha256:4b417ecb94339d57e4c122ecc948c1a00fe328b5853266de9806e652a92858fa"
url = "https://github.com/google/yamlfmt/releases/download/v0.21.0/yamlfmt_0.21.0_Darwin_arm64.tar.gz"
url_api = "https://api.github.com/repos/google/yamlfmt/releases/assets/336650209"

[tools.yamlfmt."platforms.macos-x64"]
checksum = "sha256:060e943bcb8583c456810eb1ff4721b4f46c4a0c1a4432449d5dc3bbfe29a22b"
url = "https://github.com/google/yamlfmt/releases/download/v0.21.0/yamlfmt_0.21.0_Darwin_x86_64.tar.gz"
url_api = "https://api.github.com/repos/google/yamlfmt/releases/assets/336650207"

[[tools.yamllint]]
version = "1.38.0"
backend = "pipx:yamllint"

[[tools.zizmor]]
version = "1.19.0"
backend = "aqua:zizmorcore/zizmor"

[tools.zizmor."platforms.linux-arm64"]
checksum = "sha256:605e291ef7d15fa520e536fcdd20c8715f70e63cd448a72adb2cf190b9da9042"
url = "https://github.com/zizmorcore/zizmor/releases/download/v1.19.0/zizmor-aarch64-unknown-linux-gnu.tar.gz"
url_api = "https://api.github.com/repos/zizmorcore/zizmor/releases/assets/330390541"
provenance = "github-attestations"

[tools.zizmor."platforms.linux-x64"]
checksum = "sha256:64dd578889f4c2e277b084060ef47fd98f933723399af9145ae2768aae76a71c"
url = "https://github.com/zizmorcore/zizmor/releases/download/v1.19.0/zizmor-x86_64-unknown-linux-gnu.tar.gz"
url_api = "https://api.github.com/repos/zizmorcore/zizmor/releases/assets/330390543"
provenance = "github-attestations"

[tools.zizmor."platforms.macos-arm64"]
checksum = "sha256:845e6cc1d5e38e513a8df97aeef2207eea438008f8e5f27a03fdaa77fcccf4ca"
url = "https://github.com/zizmorcore/zizmor/releases/download/v1.19.0/zizmor-aarch64-apple-darwin.tar.gz"
url_api = "https://api.github.com/repos/zizmorcore/zizmor/releases/assets/330390542"
provenance = "github-attestations"

[tools.zizmor."platforms.macos-x64"]
checksum = "sha256:caebfa595fa2db7538f3cbc1a512d2ff96e0274666eeda12f6a42d3e59b30043"
url = "https://github.com/zizmorcore/zizmor/releases/download/v1.19.0/zizmor-x86_64-apple-darwin.tar.gz"
url_api = "https://api.github.com/repos/zizmorcore/zizmor/releases/assets/330390545"
provenance = "github-attestations"
